# This file is automatically @generated by Cargo.
# It is not intended for manual editing.
version = 3

[[package]]
name = "aho-corasick"
version = "0.7.20"
source = "registry+https://github.com/rust-lang/crates.io-index"
checksum = "cc936419f96fa211c1b9166887b38e5e40b19958e5b895be7c1f93adec7071ac"
dependencies = [
 "memchr",
]

[[package]]
name = "anyhow"
version = "1.0.70"
source = "registry+https://github.com/rust-lang/crates.io-index"
checksum = "7de8ce5e0f9f8d88245311066a578d72b7af3e7088f32783804676302df237e4"

[[package]]
name = "atty"
version = "0.2.14"
source = "registry+https://github.com/rust-lang/crates.io-index"
checksum = "d9b39be18770d11421cdb1b9947a45dd3f37e93092cbf377614828a319d5fee8"
dependencies = [
 "hermit-abi",
 "libc",
 "winapi",
]

[[package]]
name = "autocfg"
version = "1.1.0"
source = "registry+https://github.com/rust-lang/crates.io-index"
checksum = "d468802bab17cbc0cc575e9b053f41e72aa36bfa6b7f55e3529ffa43161b97fa"

[[package]]
name = "bstr"
version = "1.4.0"
source = "registry+https://github.com/rust-lang/crates.io-index"
checksum = "c3d4260bcc2e8fc9df1eac4919a720effeb63a3f0952f5bf4944adfa18897f09"
dependencies = [
 "memchr",
 "serde",
]

[[package]]
name = "cfg-if"
version = "1.0.0"
source = "registry+https://github.com/rust-lang/crates.io-index"
checksum = "baf1de4339761588bc0619e3cbc0120ee582ebb74b53b4efbf79117bd2da40fd"

[[package]]
name = "csv"
version = "1.2.1"
source = "registry+https://github.com/rust-lang/crates.io-index"
checksum = "0b015497079b9a9d69c02ad25de6c0a6edef051ea6360a327d0bd05802ef64ad"
dependencies = [
 "csv-core",
 "itoa",
 "ryu",
 "serde",
]

[[package]]
name = "csv-core"
version = "0.1.10"
source = "registry+https://github.com/rust-lang/crates.io-index"
checksum = "2b2466559f260f48ad25fe6317b3c8dac77b5bdb5763ac7d9d6103530663bc90"
dependencies = [
 "memchr",
]

[[package]]
name = "env_logger"
version = "0.9.3"
source = "registry+https://github.com/rust-lang/crates.io-index"
checksum = "a12e6657c4c97ebab115a42dcee77225f7f482cdd841cf7088c657a42e9e00e7"
dependencies = [
 "atty",
 "humantime",
 "log",
 "regex",
 "termcolor",
]

[[package]]
name = "hashbrown"
version = "0.12.3"
source = "registry+https://github.com/rust-lang/crates.io-index"
checksum = "8a9ee70c43aaf417c914396645a0fa852624801b24ebb7ae78fe8272889ac888"

[[package]]
name = "hermit-abi"
version = "0.1.19"
source = "registry+https://github.com/rust-lang/crates.io-index"
checksum = "62b467343b94ba476dcb2500d242dadbb39557df889310ac77c5d99100aaac33"
dependencies = [
 "libc",
]

[[package]]
name = "humantime"
version = "2.1.0"
source = "registry+https://github.com/rust-lang/crates.io-index"
checksum = "9a3a5bfb195931eeb336b2a7b4d761daec841b97f947d34394601737a7bba5e4"

[[package]]
name = "indexmap"
version = "1.9.2"
source = "registry+https://github.com/rust-lang/crates.io-index"
checksum = "1885e79c1fc4b10f0e172c475f458b7f7b93061064d98c3293e98c5ba0c8b399"
dependencies = [
 "autocfg",
 "hashbrown",
]

[[package]]
name = "itoa"
version = "1.0.6"
source = "registry+https://github.com/rust-lang/crates.io-index"
checksum = "453ad9f582a441959e5f0d088b02ce04cfe8d51a8eaf077f12ac6d3e94164ca6"

[[package]]
name = "klv"
version = "0.1.0"
dependencies = [
 "anyhow",
 "bstr",
]

[[package]]
name = "lazy_static"
version = "1.4.0"
source = "registry+https://github.com/rust-lang/crates.io-index"
checksum = "e2abad23fbc42b3700f2f279844dc832adb2b2eb069b2df918f455c4e18cc646"

[[package]]
name = "lexopt"
version = "0.3.0"
source = "registry+https://github.com/rust-lang/crates.io-index"
checksum = "baff4b617f7df3d896f97fe922b64817f6cd9a756bb81d40f8883f2f66dcb401"

[[package]]
name = "libc"
version = "0.2.140"
source = "registry+https://github.com/rust-lang/crates.io-index"
checksum = "99227334921fae1a979cf0bfdfcc6b3e5ce376ef57e16fb6fb3ea2ed6095f80c"

[[package]]
name = "log"
version = "0.4.17"
source = "registry+https://github.com/rust-lang/crates.io-index"
checksum = "abb12e687cfb44aa40f41fc3978ef76448f9b6038cad6aef4259d3c095a2382e"
dependencies = [
 "cfg-if",
]

[[package]]
name = "memchr"
version = "2.5.0"
source = "registry+https://github.com/rust-lang/crates.io-index"
checksum = "2dffe52ecf27772e601905b7522cb4ef790d2cc203488bbd0e2fe85fcb74566d"

[[package]]
name = "once_cell"
version = "1.17.1"
source = "registry+https://github.com/rust-lang/crates.io-index"
checksum = "b7e5500299e16ebb147ae15a00a942af264cf3688f47923b8fc2cd5858f23ad3"

[[package]]
name = "proc-macro2"
version = "1.0.52"
source = "registry+https://github.com/rust-lang/crates.io-index"
checksum = "1d0e1ae9e836cc3beddd63db0df682593d7e2d3d891ae8c9083d2113e1744224"
dependencies = [
 "unicode-ident",
]

[[package]]
name = "quote"
version = "1.0.26"
source = "registry+https://github.com/rust-lang/crates.io-index"
checksum = "4424af4bf778aae2051a77b60283332f386554255d722233d09fbfc7e30da2fc"
dependencies = [
 "proc-macro2",
]

[[package]]
name = "rebar"
version = "0.0.1"
dependencies = [
 "anyhow",
 "atty",
 "bstr",
 "csv",
 "env_logger",
 "klv",
 "lexopt",
 "log",
 "once_cell",
 "regex",
 "regex-syntax",
 "regexredux",
 "serde",
 "serde_json",
 "tabwriter",
 "termcolor",
 "textwrap",
 "timer",
 "toml",
 "unicode-width",
 "walkdir",
]

[[package]]
name = "regex"
version = "1.7.1"
source = "registry+https://github.com/rust-lang/crates.io-index"
checksum = "48aaa5748ba571fb95cd2c85c09f629215d3a6ece942baa100950af03a34f733"
dependencies = [
 "aho-corasick",
 "memchr",
 "regex-syntax",
]

[[package]]
name = "regex-syntax"
version = "0.6.28"
source = "registry+https://github.com/rust-lang/crates.io-index"
checksum = "456c603be3e8d448b072f410900c09faf164fbce2d480456f50eea6e25f9c848"

[[package]]
name = "regexredux"
version = "0.1.0"
dependencies = [
 "anyhow",
]

[[package]]
name = "ryu"
version = "1.0.13"
source = "registry+https://github.com/rust-lang/crates.io-index"
checksum = "f91339c0467de62360649f8d3e185ca8de4224ff281f66000de5eb2a77a79041"

[[package]]
name = "same-file"
version = "1.0.6"
source = "registry+https://github.com/rust-lang/crates.io-index"
checksum = "93fc1dc3aaa9bfed95e02e6eadabb4baf7e3078b0bd1b4d7b6b0b68378900502"
dependencies = [
 "winapi-util",
]

[[package]]
name = "serde"
version = "1.0.158"
source = "registry+https://github.com/rust-lang/crates.io-index"
checksum = "771d4d9c4163ee138805e12c710dd365e4f44be8be0503cb1bb9eb989425d9c9"
dependencies = [
 "serde_derive",
]

[[package]]
name = "serde_derive"
version = "1.0.158"
source = "registry+https://github.com/rust-lang/crates.io-index"
checksum = "e801c1712f48475582b7696ac71e0ca34ebb30e09338425384269d9717c62cad"
dependencies = [
 "proc-macro2",
 "quote",
 "syn",
]

[[package]]
name = "serde_json"
version = "1.0.95"
source = "registry+https://github.com/rust-lang/crates.io-index"
checksum = "d721eca97ac802aa7777b701877c8004d950fc142651367300d21c1cc0194744"
dependencies = [
 "itoa",
 "ryu",
 "serde",
]

[[package]]
name = "serde_spanned"
version = "0.6.1"
source = "registry+https://github.com/rust-lang/crates.io-index"
checksum = "0efd8caf556a6cebd3b285caf480045fcc1ac04f6bd786b09a6f11af30c4fcf4"
dependencies = [
 "serde",
]

[[package]]
name = "syn"
version = "2.0.3"
source = "registry+https://github.com/rust-lang/crates.io-index"
checksum = "e8234ae35e70582bfa0f1fedffa6daa248e41dd045310b19800c4a36382c8f60"
dependencies = [
 "proc-macro2",
 "quote",
 "unicode-ident",
]

[[package]]
name = "tabwriter"
version = "1.2.1"
source = "registry+https://github.com/rust-lang/crates.io-index"
checksum = "36205cfc997faadcc4b0b87aaef3fbedafe20d38d4959a7ca6ff803564051111"
dependencies = [
 "lazy_static",
 "regex",
 "unicode-width",
]

[[package]]
name = "termcolor"
version = "1.2.0"
source = "registry+https://github.com/rust-lang/crates.io-index"
checksum = "be55cf8942feac5c765c2c993422806843c9a9a45d4d5c407ad6dd2ea95eb9b6"
dependencies = [
 "winapi-util",
]

[[package]]
name = "textwrap"
version = "0.16.0"
source = "registry+https://github.com/rust-lang/crates.io-index"
checksum = "222a222a5bfe1bba4a77b45ec488a741b3cb8872e5e499451fd7d0129c9c7c3d"

[[package]]
name = "timer"
version = "0.1.0"
dependencies = [
 "anyhow",
 "klv",
]

[[package]]
name = "toml"
version = "0.7.3"
source = "registry+https://github.com/rust-lang/crates.io-index"
checksum = "b403acf6f2bb0859c93c7f0d967cb4a75a7ac552100f9322faf64dc047669b21"
dependencies = [
 "serde",
 "serde_spanned",
 "toml_datetime",
 "toml_edit",
]

[[package]]
name = "toml_datetime"
version = "0.6.1"
source = "registry+https://github.com/rust-lang/crates.io-index"
checksum = "3ab8ed2edee10b50132aed5f331333428b011c99402b5a534154ed15746f9622"
dependencies = [
 "serde",
]

[[package]]
name = "toml_edit"
version = "0.19.7"
source = "registry+https://github.com/rust-lang/crates.io-index"
checksum = "dc18466501acd8ac6a3f615dd29a3438f8ca6bb3b19537138b3106e575621274"
dependencies = [
 "indexmap",
 "serde",
 "serde_spanned",
 "toml_datetime",
 "winnow",
]

[[package]]
name = "unicode-ident"
version = "1.0.8"
source = "registry+https://github.com/rust-lang/crates.io-index"
checksum = "e5464a87b239f13a63a501f2701565754bae92d243d4bb7eb12f6d57d2269bf4"

[[package]]
name = "unicode-width"
version = "0.1.10"
source = "registry+https://github.com/rust-lang/crates.io-index"
checksum = "c0edd1e5b14653f783770bce4a4dabb4a5108a5370a5f5d8cfe8710c361f6c8b"

[[package]]
name = "walkdir"
version = "2.3.3"
source = "registry+https://github.com/rust-lang/crates.io-index"
checksum = "36df944cda56c7d8d8b7496af378e6b16de9284591917d307c9b4d313c44e698"
dependencies = [
 "same-file",
 "winapi-util",
]

[[package]]
name = "winapi"
version = "0.3.9"
source = "registry+https://github.com/rust-lang/crates.io-index"
checksum = "5c839a674fcd7a98952e593242ea400abe93992746761e38641405d28b00f419"
dependencies = [
 "winapi-i686-pc-windows-gnu",
 "winapi-x86_64-pc-windows-gnu",
]

[[package]]
name = "winapi-i686-pc-windows-gnu"
version = "0.4.0"
source = "registry+https://github.com/rust-lang/crates.io-index"
checksum = "ac3b87c63620426dd9b991e5ce0329eff545bccbbb34f3be09ff6fb6ab51b7b6"

[[package]]
name = "winapi-util"
version = "0.1.5"
source = "registry+https://github.com/rust-lang/crates.io-index"
checksum = "70ec6ce85bb158151cae5e5c87f95a8e97d2c0c4b001223f33a334e3ce5de178"
dependencies = [
 "winapi",
]

[[package]]
name = "winapi-x86_64-pc-windows-gnu"
version = "0.4.0"
source = "registry+https://github.com/rust-lang/crates.io-index"
checksum = "712e227841d057c1ee1cd2fb22fa7e5a5461ae8e48fa2ca79ec42cfc1931183f"

[[package]]
name = "winnow"
version = "0.3.6"
source = "registry+https://github.com/rust-lang/crates.io-index"
checksum = "23d020b441f92996c80d94ae9166e8501e59c7bb56121189dc9eab3bd8216966"
dependencies = [
 "memchr",
]
