# This file is automatically @generated by Cargo.
# It is not intended for manual editing.
version = 3

[[package]]
name = "aho-corasick"
version = "0.7.20"
dependencies = [
 "memchr",
]

[[package]]
name = "anyhow"
version = "1.0.69"
source = "registry+https://github.com/rust-lang/crates.io-index"
checksum = "224afbd727c3d6e4b90103ece64b8d1b67fbb1973b1046c2281eed3f3803f800"

[[package]]
name = "bstr"
version = "1.2.0"
source = "registry+https://github.com/rust-lang/crates.io-index"
checksum = "b7f0778972c64420fdedc63f09919c8a88bda7b25135357fd25a5d9f3257e832"
dependencies = [
 "memchr",
 "serde",
]

[[package]]
name = "klv"
version = "0.1.0"
dependencies = [
 "anyhow",
 "bstr",
]

[[package]]
name = "lexopt"
version = "0.3.0"
source = "registry+https://github.com/rust-lang/crates.io-index"
checksum = "baff4b617f7df3d896f97fe922b64817f6cd9a756bb81d40f8883f2f66dcb401"

[[package]]
name = "main"
version = "0.7.20"
dependencies = [
 "aho-corasick",
 "anyhow",
 "bstr",
 "klv",
 "lexopt",
 "regexredux",
 "timer",
]

[[package]]
name = "memchr"
version = "2.5.0"
source = "registry+https://github.com/rust-lang/crates.io-index"
checksum = "2dffe52ecf27772e601905b7522cb4ef790d2cc203488bbd0e2fe85fcb74566d"

[[package]]
name = "regexredux"
version = "0.1.0"
dependencies = [
 "anyhow",
]

[[package]]
name = "serde"
version = "1.0.152"
source = "registry+https://github.com/rust-lang/crates.io-index"
checksum = "bb7d1f0d3021d347a83e556fc4683dea2ea09d87bccdf88ff5c12545d89d5efb"

[[package]]
name = "timer"
version = "0.1.0"
dependencies = [
 "anyhow",
 "klv",
]
