# This file is automatically @generated by Cargo.
# It is not intended for manual editing.
version = 3

[[package]]
name = "ahash"
version = "0.8.3"
source = "registry+https://github.com/rust-lang/crates.io-index"
checksum = "2c99f64d1e06488f620f932677e24bc6e2897582980441ae90a671415bd7ec2f"
dependencies = [
 "cfg-if",
 "once_cell",
 "version_check",
]

[[package]]
name = "anyhow"
version = "1.0.69"
source = "registry+https://github.com/rust-lang/crates.io-index"
checksum = "224afbd727c3d6e4b90103ece64b8d1b67fbb1973b1046c2281eed3f3803f800"

[[package]]
name = "bstr"
version = "1.2.0"
source = "registry+https://github.com/rust-lang/crates.io-index"
checksum = "b7f0778972c64420fdedc63f09919c8a88bda7b25135357fd25a5d9f3257e832"
dependencies = [
 "memchr",
 "serde",
]

[[package]]
name = "cfg-if"
version = "1.0.0"
source = "registry+https://github.com/rust-lang/crates.io-index"
checksum = "baf1de4339761588bc0619e3cbc0120ee582ebb74b53b4efbf79117bd2da40fd"

[[package]]
name = "hashbrown"
version = "0.13.2"
source = "registry+https://github.com/rust-lang/crates.io-index"
checksum = "43a3c133739dddd0d2990f9a4bdf8eb4b21ef50e4851ca85ab661199821d510e"
dependencies = [
 "ahash",
]

[[package]]
name = "klv"
version = "0.1.0"
dependencies = [
 "anyhow",
 "bstr",
]

[[package]]
name = "lexopt"
version = "0.3.0"
source = "registry+https://github.com/rust-lang/crates.io-index"
checksum = "baff4b617f7df3d896f97fe922b64817f6cd9a756bb81d40f8883f2f66dcb401"

[[package]]
name = "main"
version = "0.5.0"
dependencies = [
 "anyhow",
 "klv",
 "lexopt",
 "regexredux",
 "regress",
 "timer",
]

[[package]]
name = "memchr"
version = "2.5.0"
source = "registry+https://github.com/rust-lang/crates.io-index"
checksum = "2dffe52ecf27772e601905b7522cb4ef790d2cc203488bbd0e2fe85fcb74566d"

[[package]]
name = "once_cell"
version = "1.17.1"
source = "registry+https://github.com/rust-lang/crates.io-index"
checksum = "b7e5500299e16ebb147ae15a00a942af264cf3688f47923b8fc2cd5858f23ad3"

[[package]]
name = "regexredux"
version = "0.1.0"
dependencies = [
 "anyhow",
]

[[package]]
name = "regress"
version = "0.5.0"
source = "registry+https://github.com/rust-lang/crates.io-index"
checksum = "d995d590bd8ec096d1893f414bf3f5e8b0ee4c9eed9a5642b9766ef2c8e2e8e9"
dependencies = [
 "hashbrown",
 "memchr",
]

[[package]]
name = "serde"
version = "1.0.152"
source = "registry+https://github.com/rust-lang/crates.io-index"
checksum = "bb7d1f0d3021d347a83e556fc4683dea2ea09d87bccdf88ff5c12545d89d5efb"

[[package]]
name = "timer"
version = "0.1.0"
dependencies = [
 "anyhow",
 "klv",
]

[[package]]
name = "version_check"
version = "0.9.4"
source = "registry+https://github.com/rust-lang/crates.io-index"
checksum = "49874b5167b65d7193b8aba1567f5c7d93d001cafc34600cee003eda787e483f"
