# This file is automatically @generated by Cargo.
# It is not intended for manual editing.
version = 3

[[package]]
name = "anyhow"
version = "1.0.70"
source = "registry+https://github.com/rust-lang/crates.io-index"
checksum = "7de8ce5e0f9f8d88245311066a578d72b7af3e7088f32783804676302df237e4"

[[package]]
name = "bstr"
version = "1.4.0"
source = "registry+https://github.com/rust-lang/crates.io-index"
checksum = "c3d4260bcc2e8fc9df1eac4919a720effeb63a3f0952f5bf4944adfa18897f09"
dependencies = [
 "memchr",
 "serde",
]

[[package]]
name = "klv"
version = "0.1.0"
dependencies = [
 "anyhow",
 "bstr",
]

[[package]]
name = "lexopt"
version = "0.3.0"
source = "registry+https://github.com/rust-lang/crates.io-index"
checksum = "baff4b617f7df3d896f97fe922b64817f6cd9a756bb81d40f8883f2f66dcb401"

[[package]]
name = "libc"
version = "0.2.140"
source = "registry+https://github.com/rust-lang/crates.io-index"
checksum = "99227334921fae1a979cf0bfdfcc6b3e5ce376ef57e16fb6fb3ea2ed6095f80c"

[[package]]
name = "main"
version = "72.1.0"
dependencies = [
 "anyhow",
 "klv",
 "lexopt",
 "libc",
 "pkg-config",
 "regexredux",
 "timer",
]

[[package]]
name = "memchr"
version = "2.5.0"
source = "registry+https://github.com/rust-lang/crates.io-index"
checksum = "2dffe52ecf27772e601905b7522cb4ef790d2cc203488bbd0e2fe85fcb74566d"

[[package]]
name = "pkg-config"
version = "0.3.26"
source = "registry+https://github.com/rust-lang/crates.io-index"
checksum = "6ac9a59f73473f1b8d852421e59e64809f025994837ef743615c6d0c5b305160"

[[package]]
name = "regexredux"
version = "0.1.0"
dependencies = [
 "anyhow",
]

[[package]]
name = "serde"
version = "1.0.159"
source = "registry+https://github.com/rust-lang/crates.io-index"
checksum = "3c04e8343c3daeec41f58990b9d77068df31209f2af111e059e9fe9646693065"

[[package]]
name = "timer"
version = "0.1.0"
dependencies = [
 "anyhow",
 "klv",
]
