# This file is automatically @generated by Cargo.
# It is not intended for manual editing.
version = 4

[[package]]
name = "aho-corasick"
version = "1.1.4"
source = "registry+https://github.com/rust-lang/crates.io-index"
checksum = "ddd31a130427c27518df266943a5308ed92d4b226cc639f5a8f1002816174301"
dependencies = [
 "log",
 "memchr",
]

[[package]]
name = "anyhow"
version = "1.0.102"
source = "registry+https://github.com/rust-lang/crates.io-index"
checksum = "7f202df86484c868dbad7eaa557ef785d5c66295e41b460ef922eca0723b842c"

[[package]]
name = "bstr"
version = "1.12.1"
source = "registry+https://github.com/rust-lang/crates.io-index"
checksum = "63044e1ae8e69f3b5a92c736ca6269b8d12fa7efe39bf34ddb06d102cf0e2cab"
dependencies = [
 "memchr",
 "serde",
]

[[package]]
name = "klv"
version = "0.1.0"
dependencies = [
 "anyhow",
 "bstr",
]

[[package]]
name = "lexopt"
version = "0.3.2"
source = "registry+https://github.com/rust-lang/crates.io-index"
checksum = "803ec87c9cfb29b9d2633f20cba1f488db3fd53f2158b1024cbefb47ba05d413"

[[package]]
name = "log"
version = "0.4.31"
source = "registry+https://github.com/rust-lang/crates.io-index"
checksum = "113b30b4cd05f7c06868fdb2854f66a7b9fece9a48425351cd532e810d74024f"

[[package]]
name = "main"
version = "0.8.8"
dependencies = [
 "anyhow",
 "klv",
 "lexopt",
 "regex-automata",
 "regex-syntax",
 "regexredux",
 "timer",
]

[[package]]
name = "memchr"
version = "2.8.1"
source = "registry+https://github.com/rust-lang/crates.io-index"
checksum = "6b947ae49db0d222b1dbc6b113ce7248a3fc3a6ca21b696717bfc000ba4484d8"
dependencies = [
 "log",
]

[[package]]
name = "proc-macro2"
version = "1.0.106"
source = "registry+https://github.com/rust-lang/crates.io-index"
checksum = "8fd00f0bb2e90d81d1044c2b32617f68fcb9fa3bb7640c23e9c748e53fb30934"
dependencies = [
 "unicode-ident",
]

[[package]]
name = "quote"
version = "1.0.45"
source = "registry+https://github.com/rust-lang/crates.io-index"
checksum = "41f2619966050689382d2b44f664f4bc593e129785a36d6ee376ddf37259b924"
dependencies = [
 "proc-macro2",
]

[[package]]
name = "regex-automata"
version = "0.4.14"
source = "registry+https://github.com/rust-lang/crates.io-index"
checksum = "6e1dd4122fc1595e8162618945476892eefca7b88c52820e74af6262213cae8f"
dependencies = [
 "aho-corasick",
 "log",
 "memchr",
 "regex-syntax",
]

[[package]]
name = "regex-syntax"
version = "0.8.8"
source = "registry+https://github.com/rust-lang/crates.io-index"
checksum = "7a2d987857b319362043e95f5353c0535c1f58eec5336fdfcf626430af7def58"

[[package]]
name = "regexredux"
version = "0.1.0"
dependencies = [
 "anyhow",
]

[[package]]
name = "serde"
version = "1.0.228"
source = "registry+https://github.com/rust-lang/crates.io-index"
checksum = "9a8e94ea7f378bd32cbbd37198a4a91436180c5bb472411e48b5ec2e2124ae9e"
dependencies = [
 "serde_core",
]

[[package]]
name = "serde_core"
version = "1.0.228"
source = "registry+https://github.com/rust-lang/crates.io-index"
checksum = "41d385c7d4ca58e59fc732af25c3983b67ac852c1a25000afe1175de458b67ad"
dependencies = [
 "serde_derive",
]

[[package]]
name = "serde_derive"
version = "1.0.228"
source = "registry+https://github.com/rust-lang/crates.io-index"
checksum = "d540f220d3187173da220f885ab66608367b6574e925011a9353e4badda91d79"
dependencies = [
 "proc-macro2",
 "quote",
 "syn",
]

[[package]]
name = "syn"
version = "2.0.117"
source = "registry+https://github.com/rust-lang/crates.io-index"
checksum = "e665b8803e7b1d2a727f4023456bbbbe74da67099c585258af0ad9c5013b9b99"
dependencies = [
 "proc-macro2",
 "quote",
 "unicode-ident",
]

[[package]]
name = "timer"
version = "0.1.0"
dependencies = [
 "anyhow",
 "klv",
]

[[package]]
name = "unicode-ident"
version = "1.0.24"
source = "registry+https://github.com/rust-lang/crates.io-index"
checksum = "e6e4313cd5fcd3dad5cafa179702e2b244f760991f45397d14d4ebf38247da75"
